
Microsoft Visual Studio Solution File, Format Version 12.00
# Visual Studio Version 17
VisualStudioVersion = 17.7.34031.279
MinimumVisualStudioVersion = 10.0.40219.1
Project("{9A19103F-16F7-4668-BE54-9A1E7A4F7556}") = "PMS-PropertyHapa", "PMS-PropertyHapa\PMS-PropertyHapa.csproj", "{F687227B-7F53-44BF-95D7-67BA066828C0}"
EndProject
Project("{9A19103F-16F7-4668-BE54-9A1E7A4F7556}") = "PMS-PropertyHapa.API", "PMS-PropertyHapa.API\PMS-PropertyHapa.API.csproj", "{01F31C9A-989F-423A-8053-1104E9EB942C}"
EndProject
Project("{9A19103F-16F7-4668-BE54-9A1E7A4F7556}") = "PMS-PropertyHapa.Models", "PMS-PropertyHapa.Models\PMS-PropertyHapa.Models.csproj", "{C0853E8F-C070-4034-B510-F699F8BA84E5}"
EndProject
Project("{9A19103F-16F7-4668-BE54-9A1E7A4F7556}") = "PMS-PropertyHapa.Shared", "PMS-PropertyHapa.Shared\PMS-PropertyHapa.Shared.csproj", "{92D2317F-A971-41E3-88EF-B57169DB273E}"
EndProject
Project("{9A19103F-16F7-4668-BE54-9A1E7A4F7556}") = "PMS-PropertyHapa.Admin", "PMS-PropertyHapa.Admin\PMS-PropertyHapa.Admin.csproj", "{6A7B963A-6739-4F05-9F33-723601350ADB}"
EndProject
Project("{9A19103F-16F7-4668-BE54-9A1E7A4F7556}") = "PMS-PropertyHapa.MigrationsFiles", "PMS-PropertyHapa.MigrationsFiles\PMS-PropertyHapa.MigrationsFiles.csproj", "{59264DFB-16F8-4AE6-A6AC-5775A725A17F}"
EndProject
Project("{FAE04EC0-301F-11D3-BF4B-00C04F79EFBC}") = "PMS-PropertyHapa.Staff", "PMS-PropertyHapa.Staff\PMS-PropertyHapa.Staff.csproj", "{F8913E4D-8B4A-42DE-BFD5-7FB69B04EC9E}"
EndProject
Project("{FAE04EC0-301F-11D3-BF4B-00C04F79EFBC}") = "PMS-PropertyHapa.Owner", "PMS-PropertyHapa.Owner\PMS-PropertyHapa.Owner.csproj", "{BD428F73-F166-494C-AF78-03976C497072}"
EndProject
Project("{FAE04EC0-301F-11D3-BF4B-00C04F79EFBC}") = "PMS-PropertyHapa.Tenant", "PMS-PropertyHapa.Tenant\PMS-PropertyHapa.Tenant.csproj", "{99FC5242-D8C3-43E6-B45A-667568456DA3}"
EndProject
Global
	GlobalSection(SolutionConfigurationPlatforms) = preSolution
		Debug|Any CPU = Debug|Any CPU
		Release|Any CPU = Release|Any CPU
	EndGlobalSection
	GlobalSection(ProjectConfigurationPlatforms) = postSolution
		{F687227B-7F53-44BF-95D7-67BA066828C0}.Debug|Any CPU.ActiveCfg = Debug|Any CPU
		{F687227B-7F53-44BF-95D7-67BA066828C0}.Debug|Any CPU.Build.0 = Debug|Any CPU
		{F687227B-7F53-44BF-95D7-67BA066828C0}.Release|Any CPU.ActiveCfg = Release|Any CPU
		{F687227B-7F53-44BF-95D7-67BA066828C0}.Release|Any CPU.Build.0 = Release|Any CPU
		{01F31C9A-989F-423A-8053-1104E9EB942C}.Debug|Any CPU.ActiveCfg = Debug|Any CPU
		{01F31C9A-989F-423A-8053-1104E9EB942C}.Debug|Any CPU.Build.0 = Debug|Any CPU
		{01F31C9A-989F-423A-8053-1104E9EB942C}.Release|Any CPU.ActiveCfg = Release|Any CPU
		{01F31C9A-989F-423A-8053-1104E9EB942C}.Release|Any CPU.Build.0 = Release|Any CPU
		{C0853E8F-C070-4034-B510-F699F8BA84E5}.Debug|Any CPU.ActiveCfg = Debug|Any CPU
		{C0853E8F-C070-4034-B510-F699F8BA84E5}.Debug|Any CPU.Build.0 = Debug|Any CPU
		{C0853E8F-C070-4034-B510-F699F8BA84E5}.Release|Any CPU.ActiveCfg = Release|Any CPU
		{C0853E8F-C070-4034-B510-F699F8BA84E5}.Release|Any CPU.Build.0 = Release|Any CPU
		{92D2317F-A971-41E3-88EF-B57169DB273E}.Debug|Any CPU.ActiveCfg = Debug|Any CPU
		{92D2317F-A971-41E3-88EF-B57169DB273E}.Debug|Any CPU.Build.0 = Debug|Any CPU
		{92D2317F-A971-41E3-88EF-B57169DB273E}.Release|Any CPU.ActiveCfg = Release|Any CPU
		{92D2317F-A971-41E3-88EF-B57169DB273E}.Release|Any CPU.Build.0 = Release|Any CPU
		{6A7B963A-6739-4F05-9F33-723601350ADB}.Debug|Any CPU.ActiveCfg = Debug|Any CPU
		{6A7B963A-6739-4F05-9F33-723601350ADB}.Debug|Any CPU.Build.0 = Debug|Any CPU
		{6A7B963A-6739-4F05-9F33-723601350ADB}.Release|Any CPU.ActiveCfg = Release|Any CPU
		{6A7B963A-6739-4F05-9F33-723601350ADB}.Release|Any CPU.Build.0 = Release|Any CPU
		{59264DFB-16F8-4AE6-A6AC-5775A725A17F}.Debug|Any CPU.ActiveCfg = Debug|Any CPU
		{59264DFB-16F8-4AE6-A6AC-5775A725A17F}.Debug|Any CPU.Build.0 = Debug|Any CPU
		{59264DFB-16F8-4AE6-A6AC-5775A725A17F}.Release|Any CPU.ActiveCfg = Release|Any CPU
		{59264DFB-16F8-4AE6-A6AC-5775A725A17F}.Release|Any CPU.Build.0 = Release|Any CPU
		{F8913E4D-8B4A-42DE-BFD5-7FB69B04EC9E}.Debug|Any CPU.ActiveCfg = Debug|Any CPU
		{F8913E4D-8B4A-42DE-BFD5-7FB69B04EC9E}.Debug|Any CPU.Build.0 = Debug|Any CPU
		{F8913E4D-8B4A-42DE-BFD5-7FB69B04EC9E}.Release|Any CPU.ActiveCfg = Release|Any CPU
		{F8913E4D-8B4A-42DE-BFD5-7FB69B04EC9E}.Release|Any CPU.Build.0 = Release|Any CPU
		{BD428F73-F166-494C-AF78-03976C497072}.Debug|Any CPU.ActiveCfg = Debug|Any CPU
		{BD428F73-F166-494C-AF78-03976C497072}.Debug|Any CPU.Build.0 = Debug|Any CPU
		{BD428F73-F166-494C-AF78-03976C497072}.Release|Any CPU.ActiveCfg = Release|Any CPU
		{BD428F73-F166-494C-AF78-03976C497072}.Release|Any CPU.Build.0 = Release|Any CPU
		{99FC5242-D8C3-43E6-B45A-667568456DA3}.Debug|Any CPU.ActiveCfg = Debug|Any CPU
		{99FC5242-D8C3-43E6-B45A-667568456DA3}.Debug|Any CPU.Build.0 = Debug|Any CPU
		{99FC5242-D8C3-43E6-B45A-667568456DA3}.Release|Any CPU.ActiveCfg = Release|Any CPU
		{99FC5242-D8C3-43E6-B45A-667568456DA3}.Release|Any CPU.Build.0 = Release|Any CPU
	EndGlobalSection
	GlobalSection(SolutionProperties) = preSolution
		HideSolutionNode = FALSE
	EndGlobalSection
	GlobalSection(ExtensibilityGlobals) = postSolution
		SolutionGuid = {F9DFECB0-D346-4DE9-AADC-55DECD997B56}
	EndGlobalSection
EndGlobal
